<?xml version="1.0" encoding="utf-8"?>
<Project ToolsVersion="4.0" xmlns="http://schemas.microsoft.com/developer/msbuild/2003">
  <ItemGroup>
    <Filter Include="Source Files">
      <UniqueIdentifier>{4FC737F1-C7A5-4376-A066-2A32D752A2FF}</UniqueIdentifier>
      <Extensions>cpp;c;cc;cxx;def;odl;idl;hpj;bat;asm;asmx</Extensions>
    </Filter>
    <Filter Include="Header Files">
      <UniqueIdentifier>{93995380-89BD-4b04-88EB-625FBE52EBFB}</UniqueIdentifier>
      <Extensions>h;hpp;hxx;hm;inl;inc;xsd</Extensions>
    </Filter>
    <Filter Include="Resource Files">
      <UniqueIdentifier>{67DA6AB6-F800-4c08-8B7A-83BB121AAD01}</UniqueIdentifier>
      <Extensions>rc;ico;cur;bmp;dlg;rc2;rct;bin;rgs;gif;jpg;jpeg;jpe;resx;tiff;tif;png;wav</Extensions>
    </Filter>
  </ItemGroup>
  <ItemGroup>
    <ClCompile Include="ATW.cpp">
      <Filter>Source Files</Filter>
    </ClCompile>
    <ClCompile Include="ChildView.cpp">
      <Filter>Source Files</Filter>
    </ClCompile>
    <ClCompile Include="HTTPContent.cpp">
      <Filter>Source Files</Filter>
    </ClCompile>
    <ClCompile Include="HTTPDef.cpp">
      <Filter>Source Files</Filter>
    </ClCompile>
    <ClCompile Include="HTTPRequest.cpp">
      <Filter>Source Files</Filter>
    </ClCompile>
    <ClCompile Include="HTTPServer.cpp">
      <Filter>Source Files</Filter>
    </ClCompile>
    <ClCompile Include="Logger.cpp">
      <Filter>Source Files</Filter>
    </ClCompile>
    <ClCompile Include="MainFrm.cpp">
      <Filter>Source Files</Filter>
    </ClCompile>
    <ClCompile Include="SettingDlg.cpp">
      <Filter>Source Files</Filter>
    </ClCompile>
    <ClCompile Include="stdafx.cpp">
      <Filter>Source Files</Filter>
    </ClCompile>
    <ClCompile Include="WebServer.cpp">
      <Filter>Source Files</Filter>
    </ClCompile>
    <ClCompile Include="IOCPNetwork.cpp">
      <Filter>Source Files</Filter>
    </ClCompile>
    <ClCompile Include="Lock.cpp">
      <Filter>Source Files</Filter>
    </ClCompile>
    <ClCompile Include="TimerQueue.cpp">
      <Filter>Source Files</Filter>
    </ClCompile>
    <ClCompile Include="FCGIRecord.cpp">
      <Filter>Source Files</Filter>
    </ClCompile>
    <ClCompile Include="memfile.cpp">
      <Filter>Source Files</Filter>
    </ClCompile>
    <ClCompile Include="HTTPResponseHeader.cpp">
      <Filter>Source Files</Filter>
    </ClCompile>
    <ClCompile Include="HTTPResponder.cpp">
      <Filter>Source Files</Filter>
    </ClCompile>
    <ClCompile Include="FCGIResponder.cpp">
      <Filter>Source Files</Filter>
    </ClCompile>
    <ClCompile Include="FCGIFactory.cpp">
      <Filter>Source Files</Filter>
    </ClCompile>
    <ClCompile Include="FCGICache.cpp">
      <Filter>Source Files</Filter>
    </ClCompile>
    <ClCompile Include="HTTPConfig.cpp">
      <Filter>Source Files</Filter>
    </ClCompile>
    <ClCompile Include="WINFile.cpp">
      <Filter>Source Files</Filter>
    </ClCompile>
    <ClCompile Include="XmlDocument.cpp">
      <Filter>Source Files</Filter>
    </ClCompile>
  </ItemGroup>
  <ItemGroup>
    <ClInclude Include="ATW.h">
      <Filter>Header Files</Filter>
    </ClInclude>
    <ClInclude Include="ChildView.h">
      <Filter>Header Files</Filter>
    </ClInclude>
    <ClInclude Include="HTTPContent.h">
      <Filter>Header Files</Filter>
    </ClInclude>
    <ClInclude Include="HTTPDef.h">
      <Filter>Header Files</Filter>
    </ClInclude>
    <ClInclude Include="HTTPRequest.h">
      <Filter>Header Files</Filter>
    </ClInclude>
    <ClInclude Include="HTTPServer.h">
      <Filter>Header Files</Filter>
    </ClInclude>
    <ClInclude Include="Logger.h">
      <Filter>Header Files</Filter>
    </ClInclude>
    <ClInclude Include="MainFrm.h">
      <Filter>Header Files</Filter>
    </ClInclude>
    <ClInclude Include="Resource.h">
      <Filter>Header Files</Filter>
    </ClInclude>
    <ClInclude Include="SettingDlg.h">
      <Filter>Header Files</Filter>
    </ClInclude>
    <ClInclude Include="stdafx.h">
      <Filter>Header Files</Filter>
    </ClInclude>
    <ClInclude Include="targetver.h">
      <Filter>Header Files</Filter>
    </ClInclude>
    <ClInclude Include="WebServer.h">
      <Filter>Header Files</Filter>
    </ClInclude>
    <ClInclude Include="IOCPNetwork.h">
      <Filter>Header Files</Filter>
    </ClInclude>
    <ClInclude Include="Lock.h">
      <Filter>Header Files</Filter>
    </ClInclude>
    <ClInclude Include="TimerQueue.h">
      <Filter>Header Files</Filter>
    </ClInclude>
    <ClInclude Include="fastcgi.h">
      <Filter>Header Files</Filter>
    </ClInclude>
    <ClInclude Include="FCGIRecord.h">
      <Filter>Header Files</Filter>
    </ClInclude>
    <ClInclude Include="memfile.h">
      <Filter>Header Files</Filter>
    </ClInclude>
    <ClInclude Include="HTTPResponseHeader.h">
      <Filter>Header Files</Filter>
    </ClInclude>
    <ClInclude Include="HTTPResponder.h">
      <Filter>Header Files</Filter>
    </ClInclude>
    <ClInclude Include="FCGIResponder.h">
      <Filter>Header Files</Filter>
    </ClInclude>
    <ClInclude Include="FCGIFactory.h">
      <Filter>Header Files</Filter>
    </ClInclude>
    <ClInclude Include="FCGICache.h">
      <Filter>Header Files</Filter>
    </ClInclude>
    <ClInclude Include="HTTPConfig.h">
      <Filter>Header Files</Filter>
    </ClInclude>
    <ClInclude Include="WINFile.h">
      <Filter>Header Files</Filter>
    </ClInclude>
    <ClInclude Include="XmlDocument.h">
      <Filter>Header Files</Filter>
    </ClInclude>
  </ItemGroup>
  <ItemGroup>
    <None Include="res\Toolbar.bmp">
      <Filter>Resource Files</Filter>
    </None>
    <None Include="res\WebServer.ico">
      <Filter>Resource Files</Filter>
    </None>
    <None Include="res\WebServer.rc2">
      <Filter>Resource Files</Filter>
    </None>
    <None Include="ReadMe.txt" />
    <None Include="tmp.txt" />
    <None Include="..\Que%27s HTTP Server v0.2.txt" />
  </ItemGroup>
  <ItemGroup>
    <ResourceCompile Include="WebServer.rc">
      <Filter>Resource Files</Filter>
    </ResourceCompile>
  </ItemGroup>
</Project>